
Microsoft Visual Studio Solution File, Format Version 12.00
# Visual Studio Version 17
VisualStudioVersion = 17.5.33530.505
MinimumVisualStudioVersion = 10.0.40219.1
Project("{FAE04EC0-301F-11D3-BF4B-00C04F79EFBC}") = "F5Education.Web", "F5Education.Web\F5Education.Web.csproj", "{06D21994-8F8C-4380-9BF2-FBB0196DDAC4}"
EndProject
Global
	GlobalSection(SolutionConfigurationPlatforms) = preSolution
		Debug|Any CPU = Debug|Any CPU
		Release|Any CPU = Release|Any CPU
	EndGlobalSection
	GlobalSection(ProjectConfigurationPlatforms) = postSolution
		{06D21994-8F8C-4380-9BF2-FBB0196DDAC4}.Debug|Any CPU.ActiveCfg = Debug|Any CPU
		{06D21994-8F8C-4380-9BF2-FBB0196DDAC4}.Debug|Any CPU.Build.0 = Debug|Any CPU
		{06D21994-8F8C-4380-9BF2-FBB0196DDAC4}.Release|Any CPU.ActiveCfg = Release|Any CPU
		{06D21994-8F8C-4380-9BF2-FBB0196DDAC4}.Release|Any CPU.Build.0 = Release|Any CPU
	EndGlobalSection
	GlobalSection(SolutionProperties) = preSolution
		HideSolutionNode = FALSE
	EndGlobalSection
	GlobalSection(ExtensibilityGlobals) = postSolution
		SolutionGuid = {EDA191C6-35C8-44D2-8F7B-0B18FD1CAB40}
	EndGlobalSection
EndGlobal
